
Microsoft Visual Studio Solution File, Format Version 12.00
# Visual Studio Version 16
VisualStudioVersion = 16.0.29020.237
MinimumVisualStudioVersion = 10.0.40219.1
Project("{FAE04EC0-301F-11D3-BF4B-00C04F79EFBC}") = "CapaEntidad", "CapaEntidad\CapaEntidad.csproj", "{D502B7BF-F3FF-44B5-8CC0-3956716508D7}"
EndProject
Project("{FAE04EC0-301F-11D3-BF4B-00C04F79EFBC}") = "CapaPresentacion", "CapaPresentacion\CapaPresentacion.csproj", "{7813A220-DD77-4AC2-9C6A-AC7410A8B907}"
EndProject
Project("{F184B08F-C81C-45F6-A57F-5ABD9991F28F}") = "CapPresentacionWeb", "CapPresentacionWeb\CapPresentacionWeb.vbproj", "{97AD6734-D0D5-4406-A7D3-9B6EE122EB14}"
EndProject
Global
	GlobalSection(SolutionConfigurationPlatforms) = preSolution
		Debug|Any CPU = Debug|Any CPU
		Release|Any CPU = Release|Any CPU
	EndGlobalSection
	GlobalSection(ProjectConfigurationPlatforms) = postSolution
		{D502B7BF-F3FF-44B5-8CC0-3956716508D7}.Debug|Any CPU.ActiveCfg = Debug|Any CPU
		{D502B7BF-F3FF-44B5-8CC0-3956716508D7}.Debug|Any CPU.Build.0 = Debug|Any CPU
		{D502B7BF-F3FF-44B5-8CC0-3956716508D7}.Release|Any CPU.ActiveCfg = Release|Any CPU
		{D502B7BF-F3FF-44B5-8CC0-3956716508D7}.Release|Any CPU.Build.0 = Release|Any CPU
		{7813A220-DD77-4AC2-9C6A-AC7410A8B907}.Debug|Any CPU.ActiveCfg = Debug|Any CPU
		{7813A220-DD77-4AC2-9C6A-AC7410A8B907}.Debug|Any CPU.Build.0 = Debug|Any CPU
		{7813A220-DD77-4AC2-9C6A-AC7410A8B907}.Release|Any CPU.ActiveCfg = Release|Any CPU
		{7813A220-DD77-4AC2-9C6A-AC7410A8B907}.Release|Any CPU.Build.0 = Release|Any CPU
		{97AD6734-D0D5-4406-A7D3-9B6EE122EB14}.Debug|Any CPU.ActiveCfg = Debug|Any CPU
		{97AD6734-D0D5-4406-A7D3-9B6EE122EB14}.Debug|Any CPU.Build.0 = Debug|Any CPU
		{97AD6734-D0D5-4406-A7D3-9B6EE122EB14}.Release|Any CPU.ActiveCfg = Release|Any CPU
		{97AD6734-D0D5-4406-A7D3-9B6EE122EB14}.Release|Any CPU.Build.0 = Release|Any CPU
	EndGlobalSection
	GlobalSection(SolutionProperties) = preSolution
		HideSolutionNode = FALSE
	EndGlobalSection
	GlobalSection(ExtensibilityGlobals) = postSolution
		SolutionGuid = {11478F90-8F1C-4387-ADC7-C8B7D347C36D}
	EndGlobalSection
EndGlobal
